{
  "inputs": {
    "nixpkgs": {
      "info": {
        "lastModified": 1585388205,
        "narHash": "sha256-lOXYmCE6FSikoOHr1HFIkNLnA0qdYhe8CxB8rE6+SnE="
      },
      "inputs": {},
      "locked": {
        "owner": "NixOS",
        "repo": "nixpkgs",
        "rev": "b0c285807d6a9f1b7562ec417c24fa1a30ecc31a",
        "type": "github"
      },
      "original": {
        "id": "nixpkgs",
        "ref": "nixos-20.03",
        "type": "indirect"
      }
    }
  },
  "version": 4
}
